
Microsoft Visual Studio Solution File, Format Version 12.00
# Visual Studio Version 17
VisualStudioVersion = 17.14.36518.9 d17.14
MinimumVisualStudioVersion = 10.0.40219.1
Project("{FAE04EC0-301F-11D3-BF4B-00C04F79EFBC}") = "SmmGab", "SmmGab\SmmGab.csproj", "{75640C6A-9F50-4F37-BA38-B6F451BCE138}"
EndProject
Global
	GlobalSection(SolutionConfigurationPlatforms) = preSolution
		Debug|Any CPU = Debug|Any CPU
		Release|Any CPU = Release|Any CPU
	EndGlobalSection
	GlobalSection(ProjectConfigurationPlatforms) = postSolution
		{75640C6A-9F50-4F37-BA38-B6F451BCE138}.Debug|Any CPU.ActiveCfg = Debug|Any CPU
		{75640C6A-9F50-4F37-BA38-B6F451BCE138}.Debug|Any CPU.Build.0 = Debug|Any CPU
		{75640C6A-9F50-4F37-BA38-B6F451BCE138}.Release|Any CPU.ActiveCfg = Release|Any CPU
		{75640C6A-9F50-4F37-BA38-B6F451BCE138}.Release|Any CPU.Build.0 = Release|Any CPU
	EndGlobalSection
	GlobalSection(SolutionProperties) = preSolution
		HideSolutionNode = FALSE
	EndGlobalSection
	GlobalSection(ExtensibilityGlobals) = postSolution
		SolutionGuid = {6AEEFF1D-E81A-4730-81AD-A3F783B18AC5}
	EndGlobalSection
EndGlobal
